memo = "992a6dae47ba88517cb895db7d8863c0b548be912a7fc57c623e77426d789d01"

[[projects]]
  branch = "master"
  name = "github.com/beorn7/perks"
  packages = ["quantile"]
  revision = "4c0e84591b9aa9e6dcfdf3e020114cd81f89d5f9"

[[projects]]
  branch = "release-3.1"
  name = "github.com/coreos/etcd"
  packages = ["auth/authpb","clientv3","etcdserver/api/v3rpc/rpctypes","etcdserver/etcdserverpb","mvcc/mvccpb","pkg/tlsutil"]
  revision = "4dfc6a8a7e15229398c0a018b6d7a078cccae9c8"

[[projects]]
  name = "github.com/ghodss/yaml"
  packages = ["."]
  revision = "0ca9ea5df5451ffdf184b4428c902747c2c11cd7"
  version = "v1.0.0"

[[projects]]
  branch = "master"
  name = "github.com/golang/protobuf"
  packages = ["jsonpb","proto","ptypes/any"]
  revision = "2bba0603135d7d7f5cb73b2125beeda19c09f4ef"

[[projects]]
  name = "github.com/grpc-ecosystem/go-grpc-prometheus"
  packages = ["."]
  revision = "6b7015e65d366bf3f19b2b2a000a831940f0f7e0"
  version = "v1.1"

[[projects]]
  name = "github.com/grpc-ecosystem/grpc-gateway"
  packages = ["runtime","runtime/internal","utilities"]
  revision = "589b126116b5fc961939b3e156c29e4d9d58222f"
  version = "v1.2.2"

[[projects]]
  name = "github.com/matttproud/golang_protobuf_extensions"
  packages = ["pbutil"]
  revision = "3247c84500bff8d9fb6d579d800f20b3e091582c"
  version = "v1.0.0"

[[projects]]
  name = "github.com/prometheus/client_golang"
  packages = ["prometheus"]
  revision = "c5b7fccd204277076155f10851dad72b76a49317"
  version = "v0.8.0"

[[projects]]
  branch = "master"
  name = "github.com/prometheus/client_model"
  packages = ["go"]
  revision = "6f3806018612930941127f2a7c6c453ba2c527d2"

[[projects]]
  branch = "master"
  name = "github.com/prometheus/common"
  packages = ["expfmt","internal/bitbucket.org/ww/goautoneg","model"]
  revision = "49fee292b27bfff7f354ee0f64e1bc4850462edf"

[[projects]]
  branch = "master"
  name = "github.com/prometheus/procfs"
  packages = [".","xfs"]
  revision = "a1dba9ce8baed984a2495b658c82687f8157b98f"

[[projects]]
  branch = "master"
  name = "golang.org/x/net"
  packages = ["context","http2","http2/hpack","idna","internal/timeseries","lex/httplex","trace"]
  revision = "5602c733f70afc6dcec6766be0d5034d4c4f14de"

[[projects]]
  branch = "master"
  name = "golang.org/x/text"
  packages = ["internal/gen","internal/triegen","internal/ucd","secure/bidirule","transform","unicode/bidi","unicode/cldr","unicode/norm","unicode/rangetable"]
  revision = "f4b4367115ec2de254587813edaa901bc1c723a8"

[[projects]]
  branch = "master"
  name = "google.golang.org/genproto"
  packages = ["googleapis/rpc/status"]
  revision = "411e09b969b1170a9f0c467558eb4c4c110d9c77"

[[projects]]
  branch = "master"
  name = "google.golang.org/grpc"
  packages = [".","codes","credentials","grpclog","internal","keepalive","metadata","naming","peer","stats","status","tap","transport"]
  revision = "955c867061e3b1a5b8f6f07d1efcf1b69af043d8"

[[projects]]
  branch = "v2"
  name = "gopkg.in/yaml.v2"
  packages = ["."]
  revision = "cd8b52f8269e0feb286dfeef29f8fe4d5b397e0b"
